{
  "name": "open-interpreter",
  "lockfileVersion": 3,
  "requires": true,
  "packages": {
    "": {
      "dependencies": {
        "moment": "^2.30.1",
        "moment-timezone": "^0.5.44"
      }
    },
    "node_modules/moment": {
      "version": "2.30.1",
      "resolved": "https://registry.npmjs.org/moment/-/moment-2.30.1.tgz",
      "integrity": "sha512-uEmtNhbDOrWPFS+hdjFCBfy9f2YoyzRpwcl+DqpC6taX21FzsTLQVbMV/W7PzNSX6x/bhC1zA3c2UQ5NzH6how==",
      "engines": {
        "node": "*"
      }
    },
    "node_modules/moment-timezone": {
      "version": "0.5.44",
      "resolved": "https://registry.npmjs.org/moment-timezone/-/moment-timezone-0.5.44.tgz",
      "integrity": "sha512-nv3YpzI/8lkQn0U6RkLd+f0W/zy/JnoR5/EyPz/dNkPTBjA2jNLCVxaiQ8QpeLymhSZvX0wCL5s27NQWdOPwAw==",
      "dependencies": {
        "moment": "^2.29.4"
      },
      "engines": {
        "node": "*"
      }
    }
  }
}
